
Microsoft Visual Studio Solution File, Format Version 12.00
# Visual Studio 15
VisualStudioVersion = 15.0.28307.1000
MinimumVisualStudioVersion = 10.0.40219.1
Project("{FAE04EC0-301F-11D3-BF4B-00C04F79EFBC}") = "VS17FormsApp01", "VS17FormsApp01\VS17FormsApp01.csproj", "{A03295B6-2C41-4F5C-AA97-02FA179FA0A7}"
EndProject
Global
	GlobalSection(SolutionConfigurationPlatforms) = preSolution
		Debug|Any CPU = Debug|Any CPU
		Release|Any CPU = Release|Any CPU
	EndGlobalSection
	GlobalSection(ProjectConfigurationPlatforms) = postSolution
		{A03295B6-2C41-4F5C-AA97-02FA179FA0A7}.Debug|Any CPU.ActiveCfg = Debug|Any CPU
		{A03295B6-2C41-4F5C-AA97-02FA179FA0A7}.Debug|Any CPU.Build.0 = Debug|Any CPU
		{A03295B6-2C41-4F5C-AA97-02FA179FA0A7}.Release|Any CPU.ActiveCfg = Release|Any CPU
		{A03295B6-2C41-4F5C-AA97-02FA179FA0A7}.Release|Any CPU.Build.0 = Release|Any CPU
	EndGlobalSection
	GlobalSection(SolutionProperties) = preSolution
		HideSolutionNode = FALSE
	EndGlobalSection
	GlobalSection(ExtensibilityGlobals) = postSolution
		SolutionGuid = {8C53D8E5-CAA4-4602-8F95-606B2B04A3E6}
	EndGlobalSection
EndGlobal
